// !$*UTF8*$!
{
	archiveVersion = 1;
	classes = {
	};
	objectVersion = 50;
	objects = {

/* Begin PBXBuildFile section */
		5C78D2B3CD5B2A5B67211B54 /* Pods_SpreadSheetToSwiftApp.framework in Frameworks */ = {isa = PBXBuildFile; fileRef = B9B3A0988A1B7423E87571B4 /* Pods_SpreadSheetToSwiftApp.framework */; };
		F5259F9B238FE65100FBCB04 /* AppearTableView.swift in Sources */ = {isa = PBXBuildFile; fileRef = F5259F9A238FE65100FBCB04 /* AppearTableView.swift */; };
		F52973742348BC2B0024BEBF /* AppDelegate.swift in Sources */ = {isa = PBXBuildFile; fileRef = F52973732348BC2B0024BEBF /* AppDelegate.swift */; };
		F52973762348BC2B0024BEBF /* ViewController.swift in Sources */ = {isa = PBXBuildFile; fileRef = F52973752348BC2B0024BEBF /* ViewController.swift */; };
		F52973792348BC2B0024BEBF /* Main.storyboard in Resources */ = {isa = PBXBuildFile; fileRef = F52973772348BC2B0024BEBF /* Main.storyboard */; };
		F529737B2348BC300024BEBF /* Assets.xcassets in Resources */ = {isa = PBXBuildFile; fileRef = F529737A2348BC300024BEBF /* Assets.xcassets */; };
		F529737E2348BC300024BEBF /* LaunchScreen.storyboard in Resources */ = {isa = PBXBuildFile; fileRef = F529737C2348BC300024BEBF /* LaunchScreen.storyboard */; };
/* End PBXBuildFile section */

/* Begin PBXFileReference section */
		8D4E9972286A0722885E73CE /* Pods-SpreadSheetToSwiftApp.release.xcconfig */ = {isa = PBXFileReference; includeInIndex = 1; lastKnownFileType = text.xcconfig; name = "Pods-SpreadSheetToSwiftApp.release.xcconfig"; path = "Pods/Target Support Files/Pods-SpreadSheetToSwiftApp/Pods-SpreadSheetToSwiftApp.release.xcconfig"; sourceTree = "<group>"; };
		A4E777F320E15F522C544615 /* Pods-SpreadSheetToSwiftApp.debug.xcconfig */ = {isa = PBXFileReference; includeInIndex = 1; lastKnownFileType = text.xcconfig; name = "Pods-SpreadSheetToSwiftApp.debug.xcconfig"; path = "Pods/Target Support Files/Pods-SpreadSheetToSwiftApp/Pods-SpreadSheetToSwiftApp.debug.xcconfig"; sourceTree = "<group>"; };
		B9B3A0988A1B7423E87571B4 /* Pods_SpreadSheetToSwiftApp.framework */ = {isa = PBXFileReference; explicitFileType = wrapper.framework; includeInIndex = 0; path = Pods_SpreadSheetToSwiftApp.framework; sourceTree = BUILT_PRODUCTS_DIR; };
		F5259F9A238FE65100FBCB04 /* AppearTableView.swift */ = {isa = PBXFileReference; lastKnownFileType = sourcecode.swift; path = AppearTableView.swift; sourceTree = "<group>"; };
		F52973702348BC2B0024BEBF /* SpreadSheetToSwiftApp.app */ = {isa = PBXFileReference; explicitFileType = wrapper.application; includeInIndex = 0; path = SpreadSheetToSwiftApp.app; sourceTree = BUILT_PRODUCTS_DIR; };
		F52973732348BC2B0024BEBF /* AppDelegate.swift */ = {isa = PBXFileReference; lastKnownFileType = sourcecode.swift; path = AppDelegate.swift; sourceTree = "<group>"; };
		F52973752348BC2B0024BEBF /* ViewController.swift */ = {isa = PBXFileReference; lastKnownFileType = sourcecode.swift; path = ViewController.swift; sourceTree = "<group>"; };
		F52973782348BC2B0024BEBF /* Base */ = {isa = PBXFileReference; lastKnownFileType = file.storyboard; name = Base; path = Base.lproj/Main.storyboard; sourceTree = "<group>"; };
		F529737A2348BC300024BEBF /* Assets.xcassets */ = {isa = PBXFileReference; lastKnownFileType = folder.assetcatalog; path = Assets.xcassets; sourceTree = "<group>"; };
		F529737D2348BC300024BEBF /* Base */ = {isa = PBXFileReference; lastKnownFileType = file.storyboard; name = Base; path = Base.lproj/LaunchScreen.storyboard; sourceTree = "<group>"; };
		F529737F2348BC300024BEBF /* Info.plist */ = {isa = PBXFileReference; lastKnownFileType = text.plist.xml; path = Info.plist; sourceTree = "<group>"; };
/* End PBXFileReference section */

/* Begin PBXFrameworksBuildPhase section */
		F529736D2348BC2B0024BEBF /* Frameworks */ = {
			isa = PBXFrameworksBuildPhase;
			buildActionMask = 2147483647;
			files = (
				5C78D2B3CD5B2A5B67211B54 /* Pods_SpreadSheetToSwiftApp.framework in Frameworks */,
			);
			runOnlyForDeploymentPostprocessing = 0;
		};
/* End PBXFrameworksBuildPhase section */

/* Begin PBXGroup section */
		5093D1EF1CB11BC2C8B685C4 /* Frameworks */ = {
			isa = PBXGroup;
			children = (
				B9B3A0988A1B7423E87571B4 /* Pods_SpreadSheetToSwiftApp.framework */,
			);
			name = Frameworks;
			sourceTree = "<group>";
		};
		B613FA28A86B8A308E323B53 /* Pods */ = {
			isa = PBXGroup;
			children = (
				A4E777F320E15F522C544615 /* Pods-SpreadSheetToSwiftApp.debug.xcconfig */,
				8D4E9972286A0722885E73CE /* Pods-SpreadSheetToSwiftApp.release.xcconfig */,
			);
			name = Pods;
			sourceTree = "<group>";
		};
		F52973672348BC2B0024BEBF = {
			isa = PBXGroup;
			children = (
				F52973722348BC2B0024BEBF /* SpreadSheetToSwiftApp */,
				F52973712348BC2B0024BEBF /* Products */,
				B613FA28A86B8A308E323B53 /* Pods */,
				5093D1EF1CB11BC2C8B685C4 /* Frameworks */,
			);
			sourceTree = "<group>";
		};
		F52973712348BC2B0024BEBF /* Products */ = {
			isa = PBXGroup;
			children = (
				F52973702348BC2B0024BEBF /* SpreadSheetToSwiftApp.app */,
			);
			name = Products;
			sourceTree = "<group>";
		};
		F52973722348BC2B0024BEBF /* SpreadSheetToSwiftApp */ = {
			isa = PBXGroup;
			children = (
				F52973732348BC2B0024BEBF /* AppDelegate.swift */,
				F52973752348BC2B0024BEBF /* ViewController.swift */,
				F52973772348BC2B0024BEBF /* Main.storyboard */,
				F529737A2348BC300024BEBF /* Assets.xcassets */,
				F529737C2348BC300024BEBF /* LaunchScreen.storyboard */,
				F529737F2348BC300024BEBF /* Info.plist */,
				F5259F9A238FE65100FBCB04 /* AppearTableView.swift */,
			);
			path = SpreadSheetToSwiftApp;
			sourceTree = "<group>";
		};
/* End PBXGroup section */

/* Begin PBXNativeTarget section */
		F529736F2348BC2B0024BEBF /* SpreadSheetToSwiftApp */ = {
			isa = PBXNativeTarget;
			buildConfigurationList = F52973822348BC300024BEBF /* Build configuration list for PBXNativeTarget "SpreadSheetToSwiftApp" */;
			buildPhases = (
				E4237302E95B4D7B52A576EE /* [CP] Check Pods Manifest.lock */,
				F529736C2348BC2B0024BEBF /* Sources */,
				F529736D2348BC2B0024BEBF /* Frameworks */,
				F529736E2348BC2B0024BEBF /* Resources */,
				6D18CC2E60084FBD63C2C6C9 /* [CP] Embed Pods Frameworks */,
			);
			buildRules = (
			);
			dependencies = (
			);
			name = SpreadSheetToSwiftApp;
			productName = SpreadSheetToSwiftApp;
			productReference = F52973702348BC2B0024BEBF /* SpreadSheetToSwiftApp.app */;
			productType = "com.apple.product-type.application";
		};
/* End PBXNativeTarget section */

/* Begin PBXProject section */
		F52973682348BC2B0024BEBF /* Project object */ = {
			isa = PBXProject;
			attributes = {
				LastSwiftUpdateCheck = 1030;
				LastUpgradeCheck = 1030;
				ORGANIZATIONNAME = "Hiroki Kondo";
				TargetAttributes = {
					F529736F2348BC2B0024BEBF = {
						CreatedOnToolsVersion = 10.3;
					};
				};
			};
			buildConfigurationList = F529736B2348BC2B0024BEBF /* Build configuration list for PBXProject "SpreadSheetToSwiftApp" */;
			compatibilityVersion = "Xcode 9.3";
			developmentRegion = en;
			hasScannedForEncodings = 0;
			knownRegions = (
				en,
				Base,
			);
			mainGroup = F52973672348BC2B0024BEBF;
			productRefGroup = F52973712348BC2B0024BEBF /* Products */;
			projectDirPath = "";
			projectRoot = "";
			targets = (
				F529736F2348BC2B0024BEBF /* SpreadSheetToSwiftApp */,
			);
		};
/* End PBXProject section */

/* Begin PBXResourcesBuildPhase section */
		F529736E2348BC2B0024BEBF /* Resources */ = {
			isa = PBXResourcesBuildPhase;
			buildActionMask = 2147483647;
			files = (
				F529737E2348BC300024BEBF /* LaunchScreen.storyboard in Resources */,
				F529737B2348BC300024BEBF /* Assets.xcassets in Resources */,
				F52973792348BC2B0024BEBF /* Main.storyboard in Resources */,
			);
			runOnlyForDeploymentPostprocessing = 0;
		};
/* End PBXResourcesBuildPhase section */

/* Begin PBXShellScriptBuildPhase section */
		6D18CC2E60084FBD63C2C6C9 /* [CP] Embed Pods Frameworks */ = {
			isa = PBXShellScriptBuildPhase;
			buildActionMask = 2147483647;
			files = (
			);
			inputFileListPaths = (
			);
			inputPaths = (
				"${SRCROOT}/Pods/Target Support Files/Pods-SpreadSheetToSwiftApp/Pods-SpreadSheetToSwiftApp-frameworks.sh",
				"${BUILT_PRODUCTS_DIR}/Alamofire/Alamofire.framework",
				"${BUILT_PRODUCTS_DIR}/SwiftyJSON/SwiftyJSON.framework",
			);
			name = "[CP] Embed Pods Frameworks";
			outputFileListPaths = (
			);
			outputPaths = (
				"${TARGET_BUILD_DIR}/${FRAMEWORKS_FOLDER_PATH}/Alamofire.framework",
				"${TARGET_BUILD_DIR}/${FRAMEWORKS_FOLDER_PATH}/SwiftyJSON.framework",
			);
			runOnlyForDeploymentPostprocessing = 0;
			shellPath = /bin/sh;
			shellScript = "\"${SRCROOT}/Pods/Target Support Files/Pods-SpreadSheetToSwiftApp/Pods-SpreadSheetToSwiftApp-frameworks.sh\"\n";
			showEnvVarsInLog = 0;
		};
		E4237302E95B4D7B52A576EE /* [CP] Check Pods Manifest.lock */ = {
			isa = PBXShellScriptBuildPhase;
			buildActionMask = 2147483647;
			files = (
			);
			inputFileListPaths = (
			);
			inputPaths = (
				"${PODS_PODFILE_DIR_PATH}/Podfile.lock",
				"${PODS_ROOT}/Manifest.lock",
			);
			name = "[CP] Check Pods Manifest.lock";
			outputFileListPaths = (
			);
			outputPaths = (
				"$(DERIVED_FILE_DIR)/Pods-SpreadSheetToSwiftApp-checkManifestLockResult.txt",
			);
			runOnlyForDeploymentPostprocessing = 0;
			shellPath = /bin/sh;
			shellScript = "diff \"${PODS_PODFILE_DIR_PATH}/Podfile.lock\" \"${PODS_ROOT}/Manifest.lock\" > /dev/null\nif [ $? != 0 ] ; then\n    # print error to STDERR\n    echo \"error: The sandbox is not in sync with the Podfile.lock. Run 'pod install' or update your CocoaPods installation.\" >&2\n    exit 1\nfi\n# This output is used by Xcode 'outputs' to avoid re-running this script phase.\necho \"SUCCESS\" > \"${SCRIPT_OUTPUT_FILE_0}\"\n";
			showEnvVarsInLog = 0;
		};
/* End PBXShellScriptBuildPhase section */

/* Begin PBXSourcesBuildPhase section */
		F529736C2348BC2B0024BEBF /* Sources */ = {
			isa = PBXSourcesBuildPhase;
			buildActionMask = 2147483647;
			files = (
				F52973762348BC2B0024BEBF /* ViewController.swift in Sources */,
				F5259F9B238FE65100FBCB04 /* AppearTableView.swift in Sources */,
				F52973742348BC2B0024BEBF /* AppDelegate.swift in Sources */,
			);
			runOnlyForDeploymentPostprocessing = 0;
		};
/* End PBXSourcesBuildPhase section */

/* Begin PBXVariantGroup section */
		F52973772348BC2B0024BEBF /* Main.storyboard */ = {
			isa = PBXVariantGroup;
			children = (
				F52973782348BC2B0024BEBF /* Base */,
			);
			name = Main.storyboard;
			sourceTree = "<group>";
		};
		F529737C2348BC300024BEBF /* LaunchScreen.storyboard */ = {
			isa = PBXVariantGroup;
			children = (
				F529737D2348BC300024BEBF /* Base */,
			);
			name = LaunchScreen.storyboard;
			sourceTree = "<group>";
		};
/* End PBXVariantGroup section */

/* Begin XCBuildConfiguration section */
		F52973802348BC300024BEBF /* Debug */ = {
			isa = XCBuildConfiguration;
			buildSettings = {
				ALWAYS_SEARCH_USER_PATHS = NO;
				CLANG_ANALYZER_NONNULL = YES;
				CLANG_ANALYZER_NUMBER_OBJECT_CONVERSION = YES_AGGRESSIVE;
				CLANG_CXX_LANGUAGE_STANDARD = "gnu++14";
				CLANG_CXX_LIBRARY = "libc++";
				CLANG_ENABLE_MODULES = YES;
				CLANG_ENABLE_OBJC_ARC = YES;
				CLANG_ENABLE_OBJC_WEAK = YES;
				CLANG_WARN_BLOCK_CAPTURE_AUTORELEASING = YES;
				CLANG_WARN_BOOL_CONVERSION = YES;
				CLANG_WARN_COMMA = YES;
				CLANG_WARN_CONSTANT_CONVERSION = YES;
				CLANG_WARN_DEPRECATED_OBJC_IMPLEMENTATIONS = YES;
				CLANG_WARN_DIRECT_OBJC_ISA_USAGE = YES_ERROR;
				CLANG_WARN_DOCUMENTATION_COMMENTS = YES;
				CLANG_WARN_EMPTY_BODY = YES;
				CLANG_WARN_ENUM_CONVERSION = YES;
				CLANG_WARN_INFINITE_RECURSION = YES;
				CLANG_WARN_INT_CONVERSION = YES;
				CLANG_WARN_NON_LITERAL_NULL_CONVERSION = YES;
				CLANG_WARN_OBJC_IMPLICIT_RETAIN_SELF = YES;
				CLANG_WARN_OBJC_LITERAL_CONVERSION = YES;
				CLANG_WARN_OBJC_ROOT_CLASS = YES_ERROR;
				CLANG_WARN_RANGE_LOOP_ANALYSIS = YES;
				CLANG_WARN_STRICT_PROTOTYPES = YES;
				CLANG_WARN_SUSPICIOUS_MOVE = YES;
				CLANG_WARN_UNGUARDED_AVAILABILITY = YES_AGGRESSIVE;
				CLANG_WARN_UNREACHABLE_CODE = YES;
				CLANG_WARN__DUPLICATE_METHOD_MATCH = YES;
				CODE_SIGN_IDENTITY = "iPhone Developer";
				COPY_PHASE_STRIP = NO;
				DEBUG_INFORMATION_FORMAT = dwarf;
				ENABLE_STRICT_OBJC_MSGSEND = YES;
				ENABLE_TESTABILITY = YES;
				GCC_C_LANGUAGE_STANDARD = gnu11;
				GCC_DYNAMIC_NO_PIC = NO;
				GCC_NO_COMMON_BLOCKS = YES;
				GCC_OPTIMIZATION_LEVEL = 0;
				GCC_PREPROCESSOR_DEFINITIONS = (
					"DEBUG=1",
					"$(inherited)",
				);
				GCC_WARN_64_TO_32_BIT_CONVERSION = YES;
				GCC_WARN_ABOUT_RETURN_TYPE = YES_ERROR;
				GCC_WARN_UNDECLARED_SELECTOR = YES;
				GCC_WARN_UNINITIALIZED_AUTOS = YES_AGGRESSIVE;
				GCC_WARN_UNUSED_FUNCTION = YES;
				GCC_WARN_UNUSED_VARIABLE = YES;
				IPHONEOS_DEPLOYMENT_TARGET = 12.4;
				MTL_ENABLE_DEBUG_INFO = INCLUDE_SOURCE;
				MTL_FAST_MATH = YES;
				ONLY_ACTIVE_ARCH = YES;
				SDKROOT = iphoneos;
				SWIFT_ACTIVE_COMPILATION_CONDITIONS = DEBUG;
				SWIFT_OPTIMIZATION_LEVEL = "-Onone";
			};
			name = Debug;
		};
		F52973812348BC300024BEBF /* Release */ = {
			isa = XCBuildConfiguration;
			buildSettings = {
				ALWAYS_SEARCH_USER_PATHS = NO;
				CLANG_ANALYZER_NONNULL = YES;
				CLANG_ANALYZER_NUMBER_OBJECT_CONVERSION = YES_AGGRESSIVE;
				CLANG_CXX_LANGUAGE_STANDARD = "gnu++14";
				CLANG_CXX_LIBRARY = "libc++";
				CLANG_ENABLE_MODULES = YES;
				CLANG_ENABLE_OBJC_ARC = YES;
				CLANG_ENABLE_OBJC_WEAK = YES;
				CLANG_WARN_BLOCK_CAPTURE_AUTORELEASING = YES;
				CLANG_WARN_BOOL_CONVERSION = YES;
				CLANG_WARN_COMMA = YES;
				CLANG_WARN_CONSTANT_CONVERSION = YES;
				CLANG_WARN_DEPRECATED_OBJC_IMPLEMENTATIONS = YES;
				CLANG_WARN_DIRECT_OBJC_ISA_USAGE = YES_ERROR;
				CLANG_WARN_DOCUMENTATION_COMMENTS = YES;
				CLANG_WARN_EMPTY_BODY = YES;
				CLANG_WARN_ENUM_CONVERSION = YES;
				CLANG_WARN_INFINITE_RECURSION = YES;
				CLANG_WARN_INT_CONVERSION = YES;
				CLANG_WARN_NON_LITERAL_NULL_CONVERSION = YES;
				CLANG_WARN_OBJC_IMPLICIT_RETAIN_SELF = YES;
				CLANG_WARN_OBJC_LITERAL_CONVERSION = YES;
				CLANG_WARN_OBJC_ROOT_CLASS = YES_ERROR;
				CLANG_WARN_RANGE_LOOP_ANALYSIS = YES;
				CLANG_WARN_STRICT_PROTOTYPES = YES;
				CLANG_WARN_SUSPICIOUS_MOVE = YES;
				CLANG_WARN_UNGUARDED_AVAILABILITY = YES_AGGRESSIVE;
				CLANG_WARN_UNREACHABLE_CODE = YES;
				CLANG_WARN__DUPLICATE_METHOD_MATCH = YES;
				CODE_SIGN_IDENTITY = "iPhone Developer";
				COPY_PHASE_STRIP = NO;
				DEBUG_INFORMATION_FORMAT = "dwarf-with-dsym";
				ENABLE_NS_ASSERTIONS = NO;
				ENABLE_STRICT_OBJC_MSGSEND = YES;
				GCC_C_LANGUAGE_STANDARD = gnu11;
				GCC_NO_COMMON_BLOCKS = YES;
				GCC_WARN_64_TO_32_BIT_CONVERSION = YES;
				GCC_WARN_ABOUT_RETURN_TYPE = YES_ERROR;
				GCC_WARN_UNDECLARED_SELECTOR = YES;
				GCC_WARN_UNINITIALIZED_AUTOS = YES_AGGRESSIVE;
				GCC_WARN_UNUSED_FUNCTION = YES;
				GCC_WARN_UNUSED_VARIABLE = YES;
				IPHONEOS_DEPLOYMENT_TARGET = 12.4;
				MTL_ENABLE_DEBUG_INFO = NO;
				MTL_FAST_MATH = YES;
				SDKROOT = iphoneos;
				SWIFT_COMPILATION_MODE = wholemodule;
				SWIFT_OPTIMIZATION_LEVEL = "-O";
				VALIDATE_PRODUCT = YES;
			};
			name = Release;
		};
		F52973832348BC300024BEBF /* Debug */ = {
			isa = XCBuildConfiguration;
			baseConfigurationReference = A4E777F320E15F522C544615 /* Pods-SpreadSheetToSwiftApp.debug.xcconfig */;
			buildSettings = {
				ASSETCATALOG_COMPILER_APPICON_NAME = AppIcon;
				CODE_SIGN_STYLE = Automatic;
				INFOPLIST_FILE = SpreadSheetToSwiftApp/Info.plist;
				LD_RUNPATH_SEARCH_PATHS = (
					"$(inherited)",
					"@executable_path/Frameworks",
				);
				PRODUCT_BUNDLE_IDENTIFIER = com.withios.SpreadSheetToSwiftApp;
				PRODUCT_NAME = "$(TARGET_NAME)";
				SWIFT_VERSION = 5.0;
				TARGETED_DEVICE_FAMILY = "1,2";
			};
			name = Debug;
		};
		F52973842348BC300024BEBF /* Release */ = {
			isa = XCBuildConfiguration;
			baseConfigurationReference = 8D4E9972286A0722885E73CE /* Pods-SpreadSheetToSwiftApp.release.xcconfig */;
			buildSettings = {
				ASSETCATALOG_COMPILER_APPICON_NAME = AppIcon;
				CODE_SIGN_STYLE = Automatic;
				INFOPLIST_FILE = SpreadSheetToSwiftApp/Info.plist;
				LD_RUNPATH_SEARCH_PATHS = (
					"$(inherited)",
					"@executable_path/Frameworks",
				);
				PRODUCT_BUNDLE_IDENTIFIER = com.withios.SpreadSheetToSwiftApp;
				PRODUCT_NAME = "$(TARGET_NAME)";
				SWIFT_VERSION = 5.0;
				TARGETED_DEVICE_FAMILY = "1,2";
			};
			name = Release;
		};
/* End XCBuildConfiguration section */

/* Begin XCConfigurationList section */
		F529736B2348BC2B0024BEBF /* Build configuration list for PBXProject "SpreadSheetToSwiftApp" */ = {
			isa = XCConfigurationList;
			buildConfigurations = (
				F52973802348BC300024BEBF /* Debug */,
				F52973812348BC300024BEBF /* Release */,
			);
			defaultConfigurationIsVisible = 0;
			defaultConfigurationName = Release;
		};
		F52973822348BC300024BEBF /* Build configuration list for PBXNativeTarget "SpreadSheetToSwiftApp" */ = {
			isa = XCConfigurationList;
			buildConfigurations = (
				F52973832348BC300024BEBF /* Debug */,
				F52973842348BC300024BEBF /* Release */,
			);
			defaultConfigurationIsVisible = 0;
			defaultConfigurationName = Release;
		};
/* End XCConfigurationList section */
	};
	rootObject = F52973682348BC2B0024BEBF /* Project object */;
}
